{
  "version": "5",
  "redirects": {
    "https://esm.sh/@supabase/supabase-js@2": "https://esm.sh/@supabase/supabase-js@2.52.0"
  },
  "remote": {
    "https://deno.land/std@0.224.0/async/delay.ts": "f90dd685b97c2f142b8069082993e437b1602b8e2561134827eeb7c12b95c499",
    "https://deno.land/std@0.224.0/http/server.ts": "f9313804bf6467a1704f45f76cb6cd0a3396a3b31c316035e6a4c2035d1ea514",
    "https://esm.sh/@supabase/supabase-js@2.52.0": "7af6a5d4fe4cabcd0c8acdeda3b4ee473938d0c9a76b91ce79035f9f87f9e1e6"
  },
  "workspace": {
    "packageJson": {
      "dependencies": [
        "npm:@supabase/supabase-js@^2.52.0",
        "npm:@tsparticles/react@3",
        "npm:@types/node@^24.0.4",
        "npm:@types/react-dom@^18.3.1",
        "npm:@types/react@^18.3.12",
        "npm:@vitejs/plugin-react@^4.3.4",
        "npm:autoprefixer@^10.4.21",
        "npm:clsx@^2.1.1",
        "npm:cors@^2.8.5",
        "npm:express@^4.21.2",
        "npm:firebase@^11.10.0",
        "npm:framer-motion@^12.9.2",
        "npm:gh-pages@^6.3.0",
        "npm:html2canvas@^1.4.1",
        "npm:postcss@^8.5.3",
        "npm:react-dnd-html5-backend@^16.0.1",
        "npm:react-dnd@^16.0.1",
        "npm:react-dom@^18.3.1",
        "npm:react-router-dom@^7.3.0",
        "npm:react-tilt@~0.1.4",
        "npm:react-tsparticles@^2.12.2",
        "npm:react@^18.3.1",
        "npm:recharts@^2.15.1",
        "npm:rimraf@^6.0.1",
        "npm:shx@~0.3.4",
        "npm:sonner@^2.0.2",
        "npm:tailwind-merge@^3.0.2",
        "npm:tailwindcss@^3.4.17",
        "npm:tsparticles-engine@^2.12.0",
        "npm:tsparticles-slim@^2.12.0",
        "npm:tsparticles@^2.12.0",
        "npm:typescript@~5.7.2",
        "npm:vite-tsconfig-paths@^5.1.4",
        "npm:vite@^6.2.0",
        "npm:zod@^3.24.2"
      ]
    }
  }
}
